
Microsoft Visual Studio Solution File, Format Version 12.00
# Visual Studio 15
VisualStudioVersion = 15.0.27004.2010
MinimumVisualStudioVersion = 10.0.40219.1
Project("{FAE04EC0-301F-11D3-BF4B-00C04F79EFBC}") = "tp1Grafos", "tp1Grafos\tp1Grafos.csproj", "{C9889B31-B35E-4D0A-B18E-85A49F6E50DE}"
EndProject
Global
	GlobalSection(SolutionConfigurationPlatforms) = preSolution
		Debug|Any CPU = Debug|Any CPU
		Release|Any CPU = Release|Any CPU
	EndGlobalSection
	GlobalSection(ProjectConfigurationPlatforms) = postSolution
		{C9889B31-B35E-4D0A-B18E-85A49F6E50DE}.Debug|Any CPU.ActiveCfg = Debug|Any CPU
		{C9889B31-B35E-4D0A-B18E-85A49F6E50DE}.Debug|Any CPU.Build.0 = Debug|Any CPU
		{C9889B31-B35E-4D0A-B18E-85A49F6E50DE}.Release|Any CPU.ActiveCfg = Release|Any CPU
		{C9889B31-B35E-4D0A-B18E-85A49F6E50DE}.Release|Any CPU.Build.0 = Release|Any CPU
	EndGlobalSection
	GlobalSection(SolutionProperties) = preSolution
		HideSolutionNode = FALSE
	EndGlobalSection
	GlobalSection(ExtensibilityGlobals) = postSolution
		SolutionGuid = {B4A6E621-ACB1-42AB-87A3-9B4294894F23}
	EndGlobalSection
EndGlobal
